// !$*UTF8*$!
{
	archiveVersion = 1;
	classes = {
	};
	objectVersion = 56;
	objects = {

/* Begin PBXBuildFile section */
		750ED04729D370B3008A47E7 /* MovieGridViewController.swift in Sources */ = {isa = PBXBuildFile; fileRef = 750ED04629D370B3008A47E7 /* MovieGridViewController.swift */; };
		750ED04A29D37478008A47E7 /* MovieCollectionViewCell.swift in Sources */ = {isa = PBXBuildFile; fileRef = 750ED04829D37478008A47E7 /* MovieCollectionViewCell.swift */; };
		750ED04B29D37478008A47E7 /* MovieCollectionViewCell.xib in Resources */ = {isa = PBXBuildFile; fileRef = 750ED04929D37478008A47E7 /* MovieCollectionViewCell.xib */; };
		752886A829D766A70000864A /* GenreButton.swift in Sources */ = {isa = PBXBuildFile; fileRef = 752886A729D766A70000864A /* GenreButton.swift */; };
		753025B829B927A700D4BB1D /* AppDelegate.swift in Sources */ = {isa = PBXBuildFile; fileRef = 753025B729B927A700D4BB1D /* AppDelegate.swift */; };
		753025BA29B927A700D4BB1D /* SceneDelegate.swift in Sources */ = {isa = PBXBuildFile; fileRef = 753025B929B927A700D4BB1D /* SceneDelegate.swift */; };
		753025BC29B927A700D4BB1D /* MovieListViewController.swift in Sources */ = {isa = PBXBuildFile; fileRef = 753025BB29B927A700D4BB1D /* MovieListViewController.swift */; };
		753025BF29B927A700D4BB1D /* Main.storyboard in Resources */ = {isa = PBXBuildFile; fileRef = 753025BD29B927A700D4BB1D /* Main.storyboard */; };
		753025C129B927A800D4BB1D /* Assets.xcassets in Resources */ = {isa = PBXBuildFile; fileRef = 753025C029B927A800D4BB1D /* Assets.xcassets */; };
		753025C429B927A800D4BB1D /* LaunchScreen.storyboard in Resources */ = {isa = PBXBuildFile; fileRef = 753025C229B927A800D4BB1D /* LaunchScreen.storyboard */; };
		753025CD29B92AF800D4BB1D /* ServiceProtocol.swift in Sources */ = {isa = PBXBuildFile; fileRef = 753025CC29B92AF800D4BB1D /* ServiceProtocol.swift */; };
		753025D029B92CAA00D4BB1D /* Movie.swift in Sources */ = {isa = PBXBuildFile; fileRef = 753025CF29B92CAA00D4BB1D /* Movie.swift */; };
		753025D229B9311E00D4BB1D /* Genre.swift in Sources */ = {isa = PBXBuildFile; fileRef = 753025D129B9311E00D4BB1D /* Genre.swift */; };
		753025D429B933D500D4BB1D /* ServiceFacade.swift in Sources */ = {isa = PBXBuildFile; fileRef = 753025D329B933D500D4BB1D /* ServiceFacade.swift */; };
		753025D629B93CD400D4BB1D /* ServiceError.swift in Sources */ = {isa = PBXBuildFile; fileRef = 753025D529B93CD400D4BB1D /* ServiceError.swift */; };
		753025D829B9405500D4BB1D /* MovieListResponse.swift in Sources */ = {isa = PBXBuildFile; fileRef = 753025D729B9405500D4BB1D /* MovieListResponse.swift */; };
		75831B8429C9481E00C61F30 /* DetailViewController.storyboard in Resources */ = {isa = PBXBuildFile; fileRef = 75831B8329C9481E00C61F30 /* DetailViewController.storyboard */; };
		75A2CC6F2A098C670063C21D /* DetailPresenter.swift in Sources */ = {isa = PBXBuildFile; fileRef = 75A2CC6E2A098C670063C21D /* DetailPresenter.swift */; };
		75B5620F29BFA95100ECEE51 /* GenreListResponse.swift in Sources */ = {isa = PBXBuildFile; fileRef = 75B5620E29BFA95100ECEE51 /* GenreListResponse.swift */; };
		75C1B31429BCC82D004A1467 /* MovieTableViewCell.swift in Sources */ = {isa = PBXBuildFile; fileRef = 75C1B31229BCC82D004A1467 /* MovieTableViewCell.swift */; };
		75C1B31529BCC82D004A1467 /* MovieTableViewCell.xib in Resources */ = {isa = PBXBuildFile; fileRef = 75C1B31329BCC82D004A1467 /* MovieTableViewCell.xib */; };
		75C1B31829BCD75C004A1467 /* ImageExtension.swift in Sources */ = {isa = PBXBuildFile; fileRef = 75C1B31729BCD75C004A1467 /* ImageExtension.swift */; };
		75D56F3729F70C79008035A5 /* MovieListPresenter.swift in Sources */ = {isa = PBXBuildFile; fileRef = 75D56F3629F70C79008035A5 /* MovieListPresenter.swift */; };
		75DE76EA29C9471400B986C8 /* DetailViewController.swift in Sources */ = {isa = PBXBuildFile; fileRef = 75DE76E929C9471400B986C8 /* DetailViewController.swift */; };
		75FA19A229F9AF920009ED07 /* MovieGridPresenter.swift in Sources */ = {isa = PBXBuildFile; fileRef = 75FA19A129F9AF920009ED07 /* MovieGridPresenter.swift */; };
/* End PBXBuildFile section */

/* Begin PBXFileReference section */
		750ED04629D370B3008A47E7 /* MovieGridViewController.swift */ = {isa = PBXFileReference; lastKnownFileType = sourcecode.swift; path = MovieGridViewController.swift; sourceTree = "<group>"; };
		750ED04829D37478008A47E7 /* MovieCollectionViewCell.swift */ = {isa = PBXFileReference; lastKnownFileType = sourcecode.swift; path = MovieCollectionViewCell.swift; sourceTree = "<group>"; };
		750ED04929D37478008A47E7 /* MovieCollectionViewCell.xib */ = {isa = PBXFileReference; lastKnownFileType = file.xib; path = MovieCollectionViewCell.xib; sourceTree = "<group>"; };
		752886A729D766A70000864A /* GenreButton.swift */ = {isa = PBXFileReference; lastKnownFileType = sourcecode.swift; path = GenreButton.swift; sourceTree = "<group>"; };
		753025B429B927A700D4BB1D /* MovieChallenge.app */ = {isa = PBXFileReference; explicitFileType = wrapper.application; includeInIndex = 0; path = MovieChallenge.app; sourceTree = BUILT_PRODUCTS_DIR; };
		753025B729B927A700D4BB1D /* AppDelegate.swift */ = {isa = PBXFileReference; lastKnownFileType = sourcecode.swift; path = AppDelegate.swift; sourceTree = "<group>"; };
		753025B929B927A700D4BB1D /* SceneDelegate.swift */ = {isa = PBXFileReference; lastKnownFileType = sourcecode.swift; path = SceneDelegate.swift; sourceTree = "<group>"; };
		753025BB29B927A700D4BB1D /* MovieListViewController.swift */ = {isa = PBXFileReference; lastKnownFileType = sourcecode.swift; path = MovieListViewController.swift; sourceTree = "<group>"; };
		753025BE29B927A700D4BB1D /* Base */ = {isa = PBXFileReference; lastKnownFileType = file.storyboard; name = Base; path = Base.lproj/Main.storyboard; sourceTree = "<group>"; };
		753025C029B927A800D4BB1D /* Assets.xcassets */ = {isa = PBXFileReference; lastKnownFileType = folder.assetcatalog; path = Assets.xcassets; sourceTree = "<group>"; };
		753025C329B927A800D4BB1D /* Base */ = {isa = PBXFileReference; lastKnownFileType = file.storyboard; name = Base; path = Base.lproj/LaunchScreen.storyboard; sourceTree = "<group>"; };
		753025C529B927A800D4BB1D /* Info.plist */ = {isa = PBXFileReference; lastKnownFileType = text.plist.xml; path = Info.plist; sourceTree = "<group>"; };
		753025CC29B92AF800D4BB1D /* ServiceProtocol.swift */ = {isa = PBXFileReference; lastKnownFileType = sourcecode.swift; path = ServiceProtocol.swift; sourceTree = "<group>"; };
		753025CF29B92CAA00D4BB1D /* Movie.swift */ = {isa = PBXFileReference; lastKnownFileType = sourcecode.swift; path = Movie.swift; sourceTree = "<group>"; };
		753025D129B9311E00D4BB1D /* Genre.swift */ = {isa = PBXFileReference; lastKnownFileType = sourcecode.swift; path = Genre.swift; sourceTree = "<group>"; };
		753025D329B933D500D4BB1D /* ServiceFacade.swift */ = {isa = PBXFileReference; lastKnownFileType = sourcecode.swift; path = ServiceFacade.swift; sourceTree = "<group>"; };
		753025D529B93CD400D4BB1D /* ServiceError.swift */ = {isa = PBXFileReference; lastKnownFileType = sourcecode.swift; path = ServiceError.swift; sourceTree = "<group>"; };
		753025D729B9405500D4BB1D /* MovieListResponse.swift */ = {isa = PBXFileReference; lastKnownFileType = sourcecode.swift; path = MovieListResponse.swift; sourceTree = "<group>"; };
		75831B8329C9481E00C61F30 /* DetailViewController.storyboard */ = {isa = PBXFileReference; lastKnownFileType = file.storyboard; path = DetailViewController.storyboard; sourceTree = "<group>"; };
		75A2CC6E2A098C670063C21D /* DetailPresenter.swift */ = {isa = PBXFileReference; lastKnownFileType = sourcecode.swift; path = DetailPresenter.swift; sourceTree = "<group>"; };
		75B5620E29BFA95100ECEE51 /* GenreListResponse.swift */ = {isa = PBXFileReference; lastKnownFileType = sourcecode.swift; path = GenreListResponse.swift; sourceTree = "<group>"; };
		75C1B31229BCC82D004A1467 /* MovieTableViewCell.swift */ = {isa = PBXFileReference; lastKnownFileType = sourcecode.swift; path = MovieTableViewCell.swift; sourceTree = "<group>"; };
		75C1B31329BCC82D004A1467 /* MovieTableViewCell.xib */ = {isa = PBXFileReference; lastKnownFileType = file.xib; path = MovieTableViewCell.xib; sourceTree = "<group>"; };
		75C1B31729BCD75C004A1467 /* ImageExtension.swift */ = {isa = PBXFileReference; lastKnownFileType = sourcecode.swift; path = ImageExtension.swift; sourceTree = "<group>"; };
		75D56F3629F70C79008035A5 /* MovieListPresenter.swift */ = {isa = PBXFileReference; lastKnownFileType = sourcecode.swift; path = MovieListPresenter.swift; sourceTree = "<group>"; };
		75DE76E929C9471400B986C8 /* DetailViewController.swift */ = {isa = PBXFileReference; lastKnownFileType = sourcecode.swift; path = DetailViewController.swift; sourceTree = "<group>"; };
		75FA19A129F9AF920009ED07 /* MovieGridPresenter.swift */ = {isa = PBXFileReference; lastKnownFileType = sourcecode.swift; path = MovieGridPresenter.swift; sourceTree = "<group>"; };
/* End PBXFileReference section */

/* Begin PBXFrameworksBuildPhase section */
		753025B129B927A700D4BB1D /* Frameworks */ = {
			isa = PBXFrameworksBuildPhase;
			buildActionMask = 2147483647;
			files = (
			);
			runOnlyForDeploymentPostprocessing = 0;
		};
/* End PBXFrameworksBuildPhase section */

/* Begin PBXGroup section */
		753025AB29B927A700D4BB1D = {
			isa = PBXGroup;
			children = (
				753025B629B927A700D4BB1D /* MovieChallenge */,
				753025B529B927A700D4BB1D /* Products */,
			);
			sourceTree = "<group>";
		};
		753025B529B927A700D4BB1D /* Products */ = {
			isa = PBXGroup;
			children = (
				753025B429B927A700D4BB1D /* MovieChallenge.app */,
			);
			name = Products;
			sourceTree = "<group>";
		};
		753025B629B927A700D4BB1D /* MovieChallenge */ = {
			isa = PBXGroup;
			children = (
				75D56F3529F70C22008035A5 /* Presenters */,
				75C1B31129BCC7B5004A1467 /* Controller */,
				75C1B31029BCC79F004A1467 /* View */,
				753025CE29B92C4500D4BB1D /* Models */,
				753025CB29B92A9E00D4BB1D /* Service */,
				753025B729B927A700D4BB1D /* AppDelegate.swift */,
				753025B929B927A700D4BB1D /* SceneDelegate.swift */,
				753025BD29B927A700D4BB1D /* Main.storyboard */,
				753025C029B927A800D4BB1D /* Assets.xcassets */,
				753025C229B927A800D4BB1D /* LaunchScreen.storyboard */,
				753025C529B927A800D4BB1D /* Info.plist */,
			);
			path = MovieChallenge;
			sourceTree = "<group>";
		};
		753025CB29B92A9E00D4BB1D /* Service */ = {
			isa = PBXGroup;
			children = (
				753025CC29B92AF800D4BB1D /* ServiceProtocol.swift */,
				75C1B31729BCD75C004A1467 /* ImageExtension.swift */,
				753025D329B933D500D4BB1D /* ServiceFacade.swift */,
				753025D529B93CD400D4BB1D /* ServiceError.swift */,
			);
			path = Service;
			sourceTree = "<group>";
		};
		753025CE29B92C4500D4BB1D /* Models */ = {
			isa = PBXGroup;
			children = (
				753025CF29B92CAA00D4BB1D /* Movie.swift */,
				753025D129B9311E00D4BB1D /* Genre.swift */,
				75B5620E29BFA95100ECEE51 /* GenreListResponse.swift */,
				753025D729B9405500D4BB1D /* MovieListResponse.swift */,
			);
			path = Models;
			sourceTree = "<group>";
		};
		75C1B31029BCC79F004A1467 /* View */ = {
			isa = PBXGroup;
			children = (
				75C1B31229BCC82D004A1467 /* MovieTableViewCell.swift */,
				75C1B31329BCC82D004A1467 /* MovieTableViewCell.xib */,
				75831B8329C9481E00C61F30 /* DetailViewController.storyboard */,
				750ED04829D37478008A47E7 /* MovieCollectionViewCell.swift */,
				750ED04929D37478008A47E7 /* MovieCollectionViewCell.xib */,
				752886A729D766A70000864A /* GenreButton.swift */,
			);
			path = View;
			sourceTree = "<group>";
		};
		75C1B31129BCC7B5004A1467 /* Controller */ = {
			isa = PBXGroup;
			children = (
				75DE76E929C9471400B986C8 /* DetailViewController.swift */,
				753025BB29B927A700D4BB1D /* MovieListViewController.swift */,
				750ED04629D370B3008A47E7 /* MovieGridViewController.swift */,
			);
			path = Controller;
			sourceTree = "<group>";
		};
		75D56F3529F70C22008035A5 /* Presenters */ = {
			isa = PBXGroup;
			children = (
				75D56F3629F70C79008035A5 /* MovieListPresenter.swift */,
				75FA19A129F9AF920009ED07 /* MovieGridPresenter.swift */,
				75A2CC6E2A098C670063C21D /* DetailPresenter.swift */,
			);
			path = Presenters;
			sourceTree = "<group>";
		};
/* End PBXGroup section */

/* Begin PBXNativeTarget section */
		753025B329B927A700D4BB1D /* MovieChallenge */ = {
			isa = PBXNativeTarget;
			buildConfigurationList = 753025C829B927A800D4BB1D /* Build configuration list for PBXNativeTarget "MovieChallenge" */;
			buildPhases = (
				753025B029B927A700D4BB1D /* Sources */,
				753025B129B927A700D4BB1D /* Frameworks */,
				753025B229B927A700D4BB1D /* Resources */,
			);
			buildRules = (
			);
			dependencies = (
			);
			name = MovieChallenge;
			productName = MovieChallenge;
			productReference = 753025B429B927A700D4BB1D /* MovieChallenge.app */;
			productType = "com.apple.product-type.application";
		};
/* End PBXNativeTarget section */

/* Begin PBXProject section */
		753025AC29B927A700D4BB1D /* Project object */ = {
			isa = PBXProject;
			attributes = {
				BuildIndependentTargetsInParallel = 1;
				LastSwiftUpdateCheck = 1420;
				LastUpgradeCheck = 1420;
				TargetAttributes = {
					753025B329B927A700D4BB1D = {
						CreatedOnToolsVersion = 14.2;
					};
				};
			};
			buildConfigurationList = 753025AF29B927A700D4BB1D /* Build configuration list for PBXProject "MovieChallenge" */;
			compatibilityVersion = "Xcode 14.0";
			developmentRegion = en;
			hasScannedForEncodings = 0;
			knownRegions = (
				en,
				Base,
			);
			mainGroup = 753025AB29B927A700D4BB1D;
			productRefGroup = 753025B529B927A700D4BB1D /* Products */;
			projectDirPath = "";
			projectRoot = "";
			targets = (
				753025B329B927A700D4BB1D /* MovieChallenge */,
			);
		};
/* End PBXProject section */

/* Begin PBXResourcesBuildPhase section */
		753025B229B927A700D4BB1D /* Resources */ = {
			isa = PBXResourcesBuildPhase;
			buildActionMask = 2147483647;
			files = (
				753025C429B927A800D4BB1D /* LaunchScreen.storyboard in Resources */,
				753025C129B927A800D4BB1D /* Assets.xcassets in Resources */,
				75C1B31529BCC82D004A1467 /* MovieTableViewCell.xib in Resources */,
				75831B8429C9481E00C61F30 /* DetailViewController.storyboard in Resources */,
				753025BF29B927A700D4BB1D /* Main.storyboard in Resources */,
				750ED04B29D37478008A47E7 /* MovieCollectionViewCell.xib in Resources */,
			);
			runOnlyForDeploymentPostprocessing = 0;
		};
/* End PBXResourcesBuildPhase section */

/* Begin PBXSourcesBuildPhase section */
		753025B029B927A700D4BB1D /* Sources */ = {
			isa = PBXSourcesBuildPhase;
			buildActionMask = 2147483647;
			files = (
				75DE76EA29C9471400B986C8 /* DetailViewController.swift in Sources */,
				75C1B31429BCC82D004A1467 /* MovieTableViewCell.swift in Sources */,
				753025D629B93CD400D4BB1D /* ServiceError.swift in Sources */,
				750ED04729D370B3008A47E7 /* MovieGridViewController.swift in Sources */,
				753025D429B933D500D4BB1D /* ServiceFacade.swift in Sources */,
				753025BC29B927A700D4BB1D /* MovieListViewController.swift in Sources */,
				753025B829B927A700D4BB1D /* AppDelegate.swift in Sources */,
				75FA19A229F9AF920009ED07 /* MovieGridPresenter.swift in Sources */,
				753025BA29B927A700D4BB1D /* SceneDelegate.swift in Sources */,
				75B5620F29BFA95100ECEE51 /* GenreListResponse.swift in Sources */,
				75A2CC6F2A098C670063C21D /* DetailPresenter.swift in Sources */,
				752886A829D766A70000864A /* GenreButton.swift in Sources */,
				753025D229B9311E00D4BB1D /* Genre.swift in Sources */,
				753025D829B9405500D4BB1D /* MovieListResponse.swift in Sources */,
				75D56F3729F70C79008035A5 /* MovieListPresenter.swift in Sources */,
				753025CD29B92AF800D4BB1D /* ServiceProtocol.swift in Sources */,
				750ED04A29D37478008A47E7 /* MovieCollectionViewCell.swift in Sources */,
				75C1B31829BCD75C004A1467 /* ImageExtension.swift in Sources */,
				753025D029B92CAA00D4BB1D /* Movie.swift in Sources */,
			);
			runOnlyForDeploymentPostprocessing = 0;
		};
/* End PBXSourcesBuildPhase section */

/* Begin PBXVariantGroup section */
		753025BD29B927A700D4BB1D /* Main.storyboard */ = {
			isa = PBXVariantGroup;
			children = (
				753025BE29B927A700D4BB1D /* Base */,
			);
			name = Main.storyboard;
			sourceTree = "<group>";
		};
		753025C229B927A800D4BB1D /* LaunchScreen.storyboard */ = {
			isa = PBXVariantGroup;
			children = (
				753025C329B927A800D4BB1D /* Base */,
			);
			name = LaunchScreen.storyboard;
			sourceTree = "<group>";
		};
/* End PBXVariantGroup section */

/* Begin XCBuildConfiguration section */
		753025C629B927A800D4BB1D /* Debug */ = {
			isa = XCBuildConfiguration;
			buildSettings = {
				ALWAYS_SEARCH_USER_PATHS = NO;
				CLANG_ANALYZER_NONNULL = YES;
				CLANG_ANALYZER_NUMBER_OBJECT_CONVERSION = YES_AGGRESSIVE;
				CLANG_CXX_LANGUAGE_STANDARD = "gnu++20";
				CLANG_ENABLE_MODULES = YES;
				CLANG_ENABLE_OBJC_ARC = YES;
				CLANG_ENABLE_OBJC_WEAK = YES;
				CLANG_WARN_BLOCK_CAPTURE_AUTORELEASING = YES;
				CLANG_WARN_BOOL_CONVERSION = YES;
				CLANG_WARN_COMMA = YES;
				CLANG_WARN_CONSTANT_CONVERSION = YES;
				CLANG_WARN_DEPRECATED_OBJC_IMPLEMENTATIONS = YES;
				CLANG_WARN_DIRECT_OBJC_ISA_USAGE = YES_ERROR;
				CLANG_WARN_DOCUMENTATION_COMMENTS = YES;
				CLANG_WARN_EMPTY_BODY = YES;
				CLANG_WARN_ENUM_CONVERSION = YES;
				CLANG_WARN_INFINITE_RECURSION = YES;
				CLANG_WARN_INT_CONVERSION = YES;
				CLANG_WARN_NON_LITERAL_NULL_CONVERSION = YES;
				CLANG_WARN_OBJC_IMPLICIT_RETAIN_SELF = YES;
				CLANG_WARN_OBJC_LITERAL_CONVERSION = YES;
				CLANG_WARN_OBJC_ROOT_CLASS = YES_ERROR;
				CLANG_WARN_QUOTED_INCLUDE_IN_FRAMEWORK_HEADER = YES;
				CLANG_WARN_RANGE_LOOP_ANALYSIS = YES;
				CLANG_WARN_STRICT_PROTOTYPES = YES;
				CLANG_WARN_SUSPICIOUS_MOVE = YES;
				CLANG_WARN_UNGUARDED_AVAILABILITY = YES_AGGRESSIVE;
				CLANG_WARN_UNREACHABLE_CODE = YES;
				CLANG_WARN__DUPLICATE_METHOD_MATCH = YES;
				COPY_PHASE_STRIP = NO;
				DEBUG_INFORMATION_FORMAT = dwarf;
				ENABLE_STRICT_OBJC_MSGSEND = YES;
				ENABLE_TESTABILITY = YES;
				GCC_C_LANGUAGE_STANDARD = gnu11;
				GCC_DYNAMIC_NO_PIC = NO;
				GCC_NO_COMMON_BLOCKS = YES;
				GCC_OPTIMIZATION_LEVEL = 0;
				GCC_PREPROCESSOR_DEFINITIONS = (
					"DEBUG=1",
					"$(inherited)",
				);
				GCC_WARN_64_TO_32_BIT_CONVERSION = YES;
				GCC_WARN_ABOUT_RETURN_TYPE = YES_ERROR;
				GCC_WARN_UNDECLARED_SELECTOR = YES;
				GCC_WARN_UNINITIALIZED_AUTOS = YES_AGGRESSIVE;
				GCC_WARN_UNUSED_FUNCTION = YES;
				GCC_WARN_UNUSED_VARIABLE = YES;
				IPHONEOS_DEPLOYMENT_TARGET = 16.2;
				MTL_ENABLE_DEBUG_INFO = INCLUDE_SOURCE;
				MTL_FAST_MATH = YES;
				ONLY_ACTIVE_ARCH = YES;
				SDKROOT = iphoneos;
				SWIFT_ACTIVE_COMPILATION_CONDITIONS = DEBUG;
				SWIFT_OPTIMIZATION_LEVEL = "-Onone";
			};
			name = Debug;
		};
		753025C729B927A800D4BB1D /* Release */ = {
			isa = XCBuildConfiguration;
			buildSettings = {
				ALWAYS_SEARCH_USER_PATHS = NO;
				CLANG_ANALYZER_NONNULL = YES;
				CLANG_ANALYZER_NUMBER_OBJECT_CONVERSION = YES_AGGRESSIVE;
				CLANG_CXX_LANGUAGE_STANDARD = "gnu++20";
				CLANG_ENABLE_MODULES = YES;
				CLANG_ENABLE_OBJC_ARC = YES;
				CLANG_ENABLE_OBJC_WEAK = YES;
				CLANG_WARN_BLOCK_CAPTURE_AUTORELEASING = YES;
				CLANG_WARN_BOOL_CONVERSION = YES;
				CLANG_WARN_COMMA = YES;
				CLANG_WARN_CONSTANT_CONVERSION = YES;
				CLANG_WARN_DEPRECATED_OBJC_IMPLEMENTATIONS = YES;
				CLANG_WARN_DIRECT_OBJC_ISA_USAGE = YES_ERROR;
				CLANG_WARN_DOCUMENTATION_COMMENTS = YES;
				CLANG_WARN_EMPTY_BODY = YES;
				CLANG_WARN_ENUM_CONVERSION = YES;
				CLANG_WARN_INFINITE_RECURSION = YES;
				CLANG_WARN_INT_CONVERSION = YES;
				CLANG_WARN_NON_LITERAL_NULL_CONVERSION = YES;
				CLANG_WARN_OBJC_IMPLICIT_RETAIN_SELF = YES;
				CLANG_WARN_OBJC_LITERAL_CONVERSION = YES;
				CLANG_WARN_OBJC_ROOT_CLASS = YES_ERROR;
				CLANG_WARN_QUOTED_INCLUDE_IN_FRAMEWORK_HEADER = YES;
				CLANG_WARN_RANGE_LOOP_ANALYSIS = YES;
				CLANG_WARN_STRICT_PROTOTYPES = YES;
				CLANG_WARN_SUSPICIOUS_MOVE = YES;
				CLANG_WARN_UNGUARDED_AVAILABILITY = YES_AGGRESSIVE;
				CLANG_WARN_UNREACHABLE_CODE = YES;
				CLANG_WARN__DUPLICATE_METHOD_MATCH = YES;
				COPY_PHASE_STRIP = NO;
				DEBUG_INFORMATION_FORMAT = "dwarf-with-dsym";
				ENABLE_NS_ASSERTIONS = NO;
				ENABLE_STRICT_OBJC_MSGSEND = YES;
				GCC_C_LANGUAGE_STANDARD = gnu11;
				GCC_NO_COMMON_BLOCKS = YES;
				GCC_WARN_64_TO_32_BIT_CONVERSION = YES;
				GCC_WARN_ABOUT_RETURN_TYPE = YES_ERROR;
				GCC_WARN_UNDECLARED_SELECTOR = YES;
				GCC_WARN_UNINITIALIZED_AUTOS = YES_AGGRESSIVE;
				GCC_WARN_UNUSED_FUNCTION = YES;
				GCC_WARN_UNUSED_VARIABLE = YES;
				IPHONEOS_DEPLOYMENT_TARGET = 16.2;
				MTL_ENABLE_DEBUG_INFO = NO;
				MTL_FAST_MATH = YES;
				SDKROOT = iphoneos;
				SWIFT_COMPILATION_MODE = wholemodule;
				SWIFT_OPTIMIZATION_LEVEL = "-O";
				VALIDATE_PRODUCT = YES;
			};
			name = Release;
		};
		753025C929B927A800D4BB1D /* Debug */ = {
			isa = XCBuildConfiguration;
			buildSettings = {
				ASSETCATALOG_COMPILER_APPICON_NAME = AppIcon;
				ASSETCATALOG_COMPILER_GLOBAL_ACCENT_COLOR_NAME = AccentColor;
				CODE_SIGN_STYLE = Automatic;
				CURRENT_PROJECT_VERSION = 1;
				DEVELOPMENT_TEAM = QS8NP7Z934;
				GENERATE_INFOPLIST_FILE = YES;
				INFOPLIST_FILE = MovieChallenge/Info.plist;
				INFOPLIST_KEY_UIApplicationSupportsIndirectInputEvents = YES;
				INFOPLIST_KEY_UILaunchStoryboardName = LaunchScreen;
				INFOPLIST_KEY_UIMainStoryboardFile = Main;
				INFOPLIST_KEY_UISupportedInterfaceOrientations_iPad = "UIInterfaceOrientationPortrait UIInterfaceOrientationPortraitUpsideDown UIInterfaceOrientationLandscapeLeft UIInterfaceOrientationLandscapeRight";
				INFOPLIST_KEY_UISupportedInterfaceOrientations_iPhone = "UIInterfaceOrientationPortrait UIInterfaceOrientationLandscapeLeft UIInterfaceOrientationLandscapeRight";
				LD_RUNPATH_SEARCH_PATHS = (
					"$(inherited)",
					"@executable_path/Frameworks",
				);
				MARKETING_VERSION = 1.0;
				PRODUCT_BUNDLE_IDENTIFIER = com.carvajal.MovieChallenge;
				PRODUCT_NAME = "$(TARGET_NAME)";
				SWIFT_EMIT_LOC_STRINGS = YES;
				SWIFT_VERSION = 5.0;
				TARGETED_DEVICE_FAMILY = "1,2";
			};
			name = Debug;
		};
		753025CA29B927A800D4BB1D /* Release */ = {
			isa = XCBuildConfiguration;
			buildSettings = {
				ASSETCATALOG_COMPILER_APPICON_NAME = AppIcon;
				ASSETCATALOG_COMPILER_GLOBAL_ACCENT_COLOR_NAME = AccentColor;
				CODE_SIGN_STYLE = Automatic;
				CURRENT_PROJECT_VERSION = 1;
				DEVELOPMENT_TEAM = QS8NP7Z934;
				GENERATE_INFOPLIST_FILE = YES;
				INFOPLIST_FILE = MovieChallenge/Info.plist;
				INFOPLIST_KEY_UIApplicationSupportsIndirectInputEvents = YES;
				INFOPLIST_KEY_UILaunchStoryboardName = LaunchScreen;
				INFOPLIST_KEY_UIMainStoryboardFile = Main;
				INFOPLIST_KEY_UISupportedInterfaceOrientations_iPad = "UIInterfaceOrientationPortrait UIInterfaceOrientationPortraitUpsideDown UIInterfaceOrientationLandscapeLeft UIInterfaceOrientationLandscapeRight";
				INFOPLIST_KEY_UISupportedInterfaceOrientations_iPhone = "UIInterfaceOrientationPortrait UIInterfaceOrientationLandscapeLeft UIInterfaceOrientationLandscapeRight";
				LD_RUNPATH_SEARCH_PATHS = (
					"$(inherited)",
					"@executable_path/Frameworks",
				);
				MARKETING_VERSION = 1.0;
				PRODUCT_BUNDLE_IDENTIFIER = com.carvajal.MovieChallenge;
				PRODUCT_NAME = "$(TARGET_NAME)";
				SWIFT_EMIT_LOC_STRINGS = YES;
				SWIFT_VERSION = 5.0;
				TARGETED_DEVICE_FAMILY = "1,2";
			};
			name = Release;
		};
/* End XCBuildConfiguration section */

/* Begin XCConfigurationList section */
		753025AF29B927A700D4BB1D /* Build configuration list for PBXProject "MovieChallenge" */ = {
			isa = XCConfigurationList;
			buildConfigurations = (
				753025C629B927A800D4BB1D /* Debug */,
				753025C729B927A800D4BB1D /* Release */,
			);
			defaultConfigurationIsVisible = 0;
			defaultConfigurationName = Release;
		};
		753025C829B927A800D4BB1D /* Build configuration list for PBXNativeTarget "MovieChallenge" */ = {
			isa = XCConfigurationList;
			buildConfigurations = (
				753025C929B927A800D4BB1D /* Debug */,
				753025CA29B927A800D4BB1D /* Release */,
			);
			defaultConfigurationIsVisible = 0;
			defaultConfigurationName = Release;
		};
/* End XCConfigurationList section */
	};
	rootObject = 753025AC29B927A700D4BB1D /* Project object */;
}
